
Microsoft Visual Studio Solution File, Format Version 12.00
# Visual Studio 15
VisualStudioVersion = 15.0.28010.2046
MinimumVisualStudioVersion = 10.0.40219.1
Project("{8BC9CEB8-8B4A-11D0-8D11-00A0C91BC942}") = "SeaBattle", "SeaBattle\SeaBattle.vcxproj", "{D12E8126-7970-46CA-B742-91A82B41E44D}"
EndProject
Global
	GlobalSection(SolutionConfigurationPlatforms) = preSolution
		Debug|x64 = Debug|x64
		Debug|x86 = Debug|x86
		Release|x64 = Release|x64
		Release|x86 = Release|x86
	EndGlobalSection
	GlobalSection(ProjectConfigurationPlatforms) = postSolution
		{D12E8126-7970-46CA-B742-91A82B41E44D}.Debug|x64.ActiveCfg = Debug|x64
		{D12E8126-7970-46CA-B742-91A82B41E44D}.Debug|x64.Build.0 = Debug|x64
		{D12E8126-7970-46CA-B742-91A82B41E44D}.Debug|x86.ActiveCfg = Debug|Win32
		{D12E8126-7970-46CA-B742-91A82B41E44D}.Debug|x86.Build.0 = Debug|Win32
		{D12E8126-7970-46CA-B742-91A82B41E44D}.Release|x64.ActiveCfg = Release|x64
		{D12E8126-7970-46CA-B742-91A82B41E44D}.Release|x64.Build.0 = Release|x64
		{D12E8126-7970-46CA-B742-91A82B41E44D}.Release|x86.ActiveCfg = Release|Win32
		{D12E8126-7970-46CA-B742-91A82B41E44D}.Release|x86.Build.0 = Release|Win32
	EndGlobalSection
	GlobalSection(SolutionProperties) = preSolution
		HideSolutionNode = FALSE
	EndGlobalSection
	GlobalSection(ExtensibilityGlobals) = postSolution
		SolutionGuid = {B4E6C88D-87BF-4CBF-AB1F-3881CF52BAC8}
	EndGlobalSection
EndGlobal
